<Solution>
  <Project Path="SmartExpenseTracker.Application/SmartExpenseTracker.Application.csproj" />
  <Project Path="SmartExpenseTracker.ConsoleApp/SmartExpenseTracker.ConsoleApp.csproj" />
  <Project Path="SmartExpenseTracker.Domain/SmartExpenseTracker.Domain.csproj" />
  <Project Path="SmartExpenseTracker.Infrastructure/SmartExpenseTracker.Infrastructure.csproj" />
</Solution>
